// !$*UTF8*$!
{
	archiveVersion = 1;
	classes = {
	};
	objectVersion = 48;
	objects = {

/* Begin PBXBuildFile section */
		D624BF051FB5A7880004C97E /* AppDelegate.m in Sources */ = {isa = PBXBuildFile; fileRef = D624BF041FB5A7880004C97E /* AppDelegate.m */; };
		D624BF0B1FB5A7880004C97E /* Main.storyboard in Resources */ = {isa = PBXBuildFile; fileRef = D624BF091FB5A7880004C97E /* Main.storyboard */; };
		D624BF0D1FB5A7880004C97E /* Assets.xcassets in Resources */ = {isa = PBXBuildFile; fileRef = D624BF0C1FB5A7880004C97E /* Assets.xcassets */; };
		D624BF101FB5A7880004C97E /* LaunchScreen.storyboard in Resources */ = {isa = PBXBuildFile; fileRef = D624BF0E1FB5A7880004C97E /* LaunchScreen.storyboard */; };
		D624BF131FB5A7890004C97E /* main.m in Sources */ = {isa = PBXBuildFile; fileRef = D624BF121FB5A7890004C97E /* main.m */; };
		D68D31BF1FCDABF000542DFF /* Song.m in Sources */ = {isa = PBXBuildFile; fileRef = D68D31BE1FCDABF000542DFF /* Song.m */; };
		D6A118821FB8F377008F75F9 /* MainTabBarControllerViewController.m in Sources */ = {isa = PBXBuildFile; fileRef = D6A118811FB8F377008F75F9 /* MainTabBarControllerViewController.m */; };
		D6A2570F1FCB6DEB006F3205 /* UserDatabase.m in Sources */ = {isa = PBXBuildFile; fileRef = D6A2570E1FCB6DEB006F3205 /* UserDatabase.m */; };
		D6A2D4A21FB5B5DB0085802C /* ProgramViewController.m in Sources */ = {isa = PBXBuildFile; fileRef = D6A2D4A11FB5B5DB0085802C /* ProgramViewController.m */; };
		D6A2D4A51FB5B5F60085802C /* ChatViewController.m in Sources */ = {isa = PBXBuildFile; fileRef = D6A2D4A41FB5B5F60085802C /* ChatViewController.m */; };
		D6A2D4A81FB5B6070085802C /* ProfileViewController.m in Sources */ = {isa = PBXBuildFile; fileRef = D6A2D4A71FB5B6070085802C /* ProfileViewController.m */; };
		D6A2D4AB1FB5B6150085802C /* SettingsViewController.m in Sources */ = {isa = PBXBuildFile; fileRef = D6A2D4AA1FB5B6150085802C /* SettingsViewController.m */; };
		D6A2D4AF1FB5D1760085802C /* BaseViewController.m in Sources */ = {isa = PBXBuildFile; fileRef = D6A2D4AE1FB5D1760085802C /* BaseViewController.m */; };
		D6A2D4B21FB5F6FB0085802C /* InfoPlayView.xib in Resources */ = {isa = PBXBuildFile; fileRef = D6A2D4B11FB5F6FB0085802C /* InfoPlayView.xib */; };
		D6A2D4B61FB5F81B0085802C /* InfoPlayView.m in Sources */ = {isa = PBXBuildFile; fileRef = D6A2D4B51FB5F81B0085802C /* InfoPlayView.m */; };
		D6F58D1E1FCAEE860077B31A /* GoogleService-Info.plist in Resources */ = {isa = PBXBuildFile; fileRef = D6F58D1D1FCAEE860077B31A /* GoogleService-Info.plist */; };
		EC894AD7FCE26A5CF0E7330B /* libPods-RadioAparat.a in Frameworks */ = {isa = PBXBuildFile; fileRef = 8F95553D093137C86CA7B14B /* libPods-RadioAparat.a */; };
/* End PBXBuildFile section */

/* Begin PBXFileReference section */
		74B5C052705F30BC04380824 /* Pods-RadioAparat.debug.xcconfig */ = {isa = PBXFileReference; includeInIndex = 1; lastKnownFileType = text.xcconfig; name = "Pods-RadioAparat.debug.xcconfig"; path = "Pods/Target Support Files/Pods-RadioAparat/Pods-RadioAparat.debug.xcconfig"; sourceTree = "<group>"; };
		8F95553D093137C86CA7B14B /* libPods-RadioAparat.a */ = {isa = PBXFileReference; explicitFileType = archive.ar; includeInIndex = 0; path = "libPods-RadioAparat.a"; sourceTree = BUILT_PRODUCTS_DIR; };
		A1253FAD58DCE07D34C112C6 /* Pods-RadioAparat.release.xcconfig */ = {isa = PBXFileReference; includeInIndex = 1; lastKnownFileType = text.xcconfig; name = "Pods-RadioAparat.release.xcconfig"; path = "Pods/Target Support Files/Pods-RadioAparat/Pods-RadioAparat.release.xcconfig"; sourceTree = "<group>"; };
		D624BF001FB5A7880004C97E /* RadioAparat.app */ = {isa = PBXFileReference; explicitFileType = wrapper.application; includeInIndex = 0; path = RadioAparat.app; sourceTree = BUILT_PRODUCTS_DIR; };
		D624BF031FB5A7880004C97E /* AppDelegate.h */ = {isa = PBXFileReference; lastKnownFileType = sourcecode.c.h; path = AppDelegate.h; sourceTree = "<group>"; };
		D624BF041FB5A7880004C97E /* AppDelegate.m */ = {isa = PBXFileReference; lastKnownFileType = sourcecode.c.objc; path = AppDelegate.m; sourceTree = "<group>"; };
		D624BF0A1FB5A7880004C97E /* Base */ = {isa = PBXFileReference; lastKnownFileType = file.storyboard; name = Base; path = Base.lproj/Main.storyboard; sourceTree = "<group>"; };
		D624BF0C1FB5A7880004C97E /* Assets.xcassets */ = {isa = PBXFileReference; lastKnownFileType = folder.assetcatalog; path = Assets.xcassets; sourceTree = "<group>"; };
		D624BF0F1FB5A7880004C97E /* Base */ = {isa = PBXFileReference; lastKnownFileType = file.storyboard; name = Base; path = Base.lproj/LaunchScreen.storyboard; sourceTree = "<group>"; };
		D624BF111FB5A7880004C97E /* Info.plist */ = {isa = PBXFileReference; lastKnownFileType = text.plist.xml; path = Info.plist; sourceTree = "<group>"; };
		D624BF121FB5A7890004C97E /* main.m */ = {isa = PBXFileReference; lastKnownFileType = sourcecode.c.objc; path = main.m; sourceTree = "<group>"; };
		D68D31BD1FCDABF000542DFF /* Song.h */ = {isa = PBXFileReference; lastKnownFileType = sourcecode.c.h; path = Song.h; sourceTree = "<group>"; };
		D68D31BE1FCDABF000542DFF /* Song.m */ = {isa = PBXFileReference; lastKnownFileType = sourcecode.c.objc; path = Song.m; sourceTree = "<group>"; };
		D6A118801FB8F377008F75F9 /* MainTabBarControllerViewController.h */ = {isa = PBXFileReference; lastKnownFileType = sourcecode.c.h; path = MainTabBarControllerViewController.h; sourceTree = "<group>"; };
		D6A118811FB8F377008F75F9 /* MainTabBarControllerViewController.m */ = {isa = PBXFileReference; lastKnownFileType = sourcecode.c.objc; path = MainTabBarControllerViewController.m; sourceTree = "<group>"; };
		D6A2570D1FCB6DEB006F3205 /* UserDatabase.h */ = {isa = PBXFileReference; lastKnownFileType = sourcecode.c.h; path = UserDatabase.h; sourceTree = "<group>"; };
		D6A2570E1FCB6DEB006F3205 /* UserDatabase.m */ = {isa = PBXFileReference; lastKnownFileType = sourcecode.c.objc; path = UserDatabase.m; sourceTree = "<group>"; };
		D6A2D4A01FB5B5DB0085802C /* ProgramViewController.h */ = {isa = PBXFileReference; lastKnownFileType = sourcecode.c.h; path = ProgramViewController.h; sourceTree = "<group>"; };
		D6A2D4A11FB5B5DB0085802C /* ProgramViewController.m */ = {isa = PBXFileReference; lastKnownFileType = sourcecode.c.objc; path = ProgramViewController.m; sourceTree = "<group>"; };
		D6A2D4A31FB5B5F60085802C /* ChatViewController.h */ = {isa = PBXFileReference; lastKnownFileType = sourcecode.c.h; path = ChatViewController.h; sourceTree = "<group>"; };
		D6A2D4A41FB5B5F60085802C /* ChatViewController.m */ = {isa = PBXFileReference; lastKnownFileType = sourcecode.c.objc; path = ChatViewController.m; sourceTree = "<group>"; };
		D6A2D4A61FB5B6070085802C /* ProfileViewController.h */ = {isa = PBXFileReference; lastKnownFileType = sourcecode.c.h; path = ProfileViewController.h; sourceTree = "<group>"; };
		D6A2D4A71FB5B6070085802C /* ProfileViewController.m */ = {isa = PBXFileReference; lastKnownFileType = sourcecode.c.objc; path = ProfileViewController.m; sourceTree = "<group>"; };
		D6A2D4A91FB5B6150085802C /* SettingsViewController.h */ = {isa = PBXFileReference; lastKnownFileType = sourcecode.c.h; path = SettingsViewController.h; sourceTree = "<group>"; };
		D6A2D4AA1FB5B6150085802C /* SettingsViewController.m */ = {isa = PBXFileReference; lastKnownFileType = sourcecode.c.objc; path = SettingsViewController.m; sourceTree = "<group>"; };
		D6A2D4AD1FB5D1760085802C /* BaseViewController.h */ = {isa = PBXFileReference; lastKnownFileType = sourcecode.c.h; path = BaseViewController.h; sourceTree = "<group>"; };
		D6A2D4AE1FB5D1760085802C /* BaseViewController.m */ = {isa = PBXFileReference; lastKnownFileType = sourcecode.c.objc; path = BaseViewController.m; sourceTree = "<group>"; };
		D6A2D4B01FB5D2C80085802C /* AVFoundation.framework */ = {isa = PBXFileReference; lastKnownFileType = wrapper.framework; name = AVFoundation.framework; path = System/Library/Frameworks/AVFoundation.framework; sourceTree = SDKROOT; };
		D6A2D4B11FB5F6FB0085802C /* InfoPlayView.xib */ = {isa = PBXFileReference; lastKnownFileType = file.xib; path = InfoPlayView.xib; sourceTree = "<group>"; };
		D6A2D4B41FB5F81B0085802C /* InfoPlayView.h */ = {isa = PBXFileReference; lastKnownFileType = sourcecode.c.h; path = InfoPlayView.h; sourceTree = "<group>"; };
		D6A2D4B51FB5F81B0085802C /* InfoPlayView.m */ = {isa = PBXFileReference; lastKnownFileType = sourcecode.c.objc; path = InfoPlayView.m; sourceTree = "<group>"; };
		D6F58D1D1FCAEE860077B31A /* GoogleService-Info.plist */ = {isa = PBXFileReference; fileEncoding = 4; lastKnownFileType = text.plist.xml; path = "GoogleService-Info.plist"; sourceTree = "<group>"; };
/* End PBXFileReference section */

/* Begin PBXFrameworksBuildPhase section */
		D624BEFD1FB5A7880004C97E /* Frameworks */ = {
			isa = PBXFrameworksBuildPhase;
			buildActionMask = 2147483647;
			files = (
				EC894AD7FCE26A5CF0E7330B /* libPods-RadioAparat.a in Frameworks */,
			);
			runOnlyForDeploymentPostprocessing = 0;
		};
/* End PBXFrameworksBuildPhase section */

/* Begin PBXGroup section */
		075E6FB2BDD5DDEE616FE6FA /* Frameworks */ = {
			isa = PBXGroup;
			children = (
				D6A2D4B01FB5D2C80085802C /* AVFoundation.framework */,
				8F95553D093137C86CA7B14B /* libPods-RadioAparat.a */,
			);
			name = Frameworks;
			sourceTree = "<group>";
		};
		6C0B4251E06D97571458FAE2 /* Pods */ = {
			isa = PBXGroup;
			children = (
				74B5C052705F30BC04380824 /* Pods-RadioAparat.debug.xcconfig */,
				A1253FAD58DCE07D34C112C6 /* Pods-RadioAparat.release.xcconfig */,
			);
			name = Pods;
			sourceTree = "<group>";
		};
		D624BEF71FB5A7880004C97E = {
			isa = PBXGroup;
			children = (
				D624BF021FB5A7880004C97E /* RadioAparat */,
				D624BF011FB5A7880004C97E /* Products */,
				6C0B4251E06D97571458FAE2 /* Pods */,
				075E6FB2BDD5DDEE616FE6FA /* Frameworks */,
			);
			sourceTree = "<group>";
		};
		D624BF011FB5A7880004C97E /* Products */ = {
			isa = PBXGroup;
			children = (
				D624BF001FB5A7880004C97E /* RadioAparat.app */,
			);
			name = Products;
			sourceTree = "<group>";
		};
		D624BF021FB5A7880004C97E /* RadioAparat */ = {
			isa = PBXGroup;
			children = (
				D624BF031FB5A7880004C97E /* AppDelegate.h */,
				D624BF041FB5A7880004C97E /* AppDelegate.m */,
				D624BF091FB5A7880004C97E /* Main.storyboard */,
				D624BF0C1FB5A7880004C97E /* Assets.xcassets */,
				D624BF0E1FB5A7880004C97E /* LaunchScreen.storyboard */,
				D624BF111FB5A7880004C97E /* Info.plist */,
				D6F58D1D1FCAEE860077B31A /* GoogleService-Info.plist */,
				D624BF121FB5A7890004C97E /* main.m */,
				D6A2570A1FCB6D64006F3205 /* Model */,
				D6A2D4AC1FB5B61D0085802C /* ViewControllers */,
				D6A2D4B31FB5F70F0085802C /* View */,
			);
			path = RadioAparat;
			sourceTree = "<group>";
		};
		D6A2570A1FCB6D64006F3205 /* Model */ = {
			isa = PBXGroup;
			children = (
				D6A2570D1FCB6DEB006F3205 /* UserDatabase.h */,
				D6A2570E1FCB6DEB006F3205 /* UserDatabase.m */,
				D68D31BD1FCDABF000542DFF /* Song.h */,
				D68D31BE1FCDABF000542DFF /* Song.m */,
			);
			path = Model;
			sourceTree = "<group>";
		};
		D6A2D4AC1FB5B61D0085802C /* ViewControllers */ = {
			isa = PBXGroup;
			children = (
				D6A2D4AD1FB5D1760085802C /* BaseViewController.h */,
				D6A2D4AE1FB5D1760085802C /* BaseViewController.m */,
				D6A2D4A01FB5B5DB0085802C /* ProgramViewController.h */,
				D6A2D4A11FB5B5DB0085802C /* ProgramViewController.m */,
				D6A2D4A31FB5B5F60085802C /* ChatViewController.h */,
				D6A2D4A41FB5B5F60085802C /* ChatViewController.m */,
				D6A2D4A61FB5B6070085802C /* ProfileViewController.h */,
				D6A2D4A71FB5B6070085802C /* ProfileViewController.m */,
				D6A2D4A91FB5B6150085802C /* SettingsViewController.h */,
				D6A2D4AA1FB5B6150085802C /* SettingsViewController.m */,
				D6A118801FB8F377008F75F9 /* MainTabBarControllerViewController.h */,
				D6A118811FB8F377008F75F9 /* MainTabBarControllerViewController.m */,
			);
			path = ViewControllers;
			sourceTree = "<group>";
		};
		D6A2D4B31FB5F70F0085802C /* View */ = {
			isa = PBXGroup;
			children = (
				D6A2D4B11FB5F6FB0085802C /* InfoPlayView.xib */,
				D6A2D4B41FB5F81B0085802C /* InfoPlayView.h */,
				D6A2D4B51FB5F81B0085802C /* InfoPlayView.m */,
			);
			path = View;
			sourceTree = "<group>";
		};
/* End PBXGroup section */

/* Begin PBXNativeTarget section */
		D624BEFF1FB5A7880004C97E /* RadioAparat */ = {
			isa = PBXNativeTarget;
			buildConfigurationList = D624BF161FB5A7890004C97E /* Build configuration list for PBXNativeTarget "RadioAparat" */;
			buildPhases = (
				CCA83410C8A045BCD1CEBF80 /* [CP] Check Pods Manifest.lock */,
				D624BEFC1FB5A7880004C97E /* Sources */,
				D624BEFD1FB5A7880004C97E /* Frameworks */,
				D624BEFE1FB5A7880004C97E /* Resources */,
				48A1F9E9A8517188DA8827BF /* [CP] Embed Pods Frameworks */,
				933416C685309A57D961FF29 /* [CP] Copy Pods Resources */,
			);
			buildRules = (
			);
			dependencies = (
			);
			name = RadioAparat;
			productName = RadioAparat;
			productReference = D624BF001FB5A7880004C97E /* RadioAparat.app */;
			productType = "com.apple.product-type.application";
		};
/* End PBXNativeTarget section */

/* Begin PBXProject section */
		D624BEF81FB5A7880004C97E /* Project object */ = {
			isa = PBXProject;
			attributes = {
				LastUpgradeCheck = 0910;
				ORGANIZATIONNAME = "Dejan Jevtic";
				TargetAttributes = {
					D624BEFF1FB5A7880004C97E = {
						CreatedOnToolsVersion = 9.1;
						LastSwiftMigration = 0910;
						ProvisioningStyle = Automatic;
					};
				};
			};
			buildConfigurationList = D624BEFB1FB5A7880004C97E /* Build configuration list for PBXProject "RadioAparat" */;
			compatibilityVersion = "Xcode 8.0";
			developmentRegion = en;
			hasScannedForEncodings = 0;
			knownRegions = (
				en,
				Base,
			);
			mainGroup = D624BEF71FB5A7880004C97E;
			productRefGroup = D624BF011FB5A7880004C97E /* Products */;
			projectDirPath = "";
			projectRoot = "";
			targets = (
				D624BEFF1FB5A7880004C97E /* RadioAparat */,
			);
		};
/* End PBXProject section */

/* Begin PBXResourcesBuildPhase section */
		D624BEFE1FB5A7880004C97E /* Resources */ = {
			isa = PBXResourcesBuildPhase;
			buildActionMask = 2147483647;
			files = (
				D624BF101FB5A7880004C97E /* LaunchScreen.storyboard in Resources */,
				D624BF0D1FB5A7880004C97E /* Assets.xcassets in Resources */,
				D6F58D1E1FCAEE860077B31A /* GoogleService-Info.plist in Resources */,
				D6A2D4B21FB5F6FB0085802C /* InfoPlayView.xib in Resources */,
				D624BF0B1FB5A7880004C97E /* Main.storyboard in Resources */,
			);
			runOnlyForDeploymentPostprocessing = 0;
		};
/* End PBXResourcesBuildPhase section */

/* Begin PBXShellScriptBuildPhase section */
		48A1F9E9A8517188DA8827BF /* [CP] Embed Pods Frameworks */ = {
			isa = PBXShellScriptBuildPhase;
			buildActionMask = 2147483647;
			files = (
			);
			inputPaths = (
			);
			name = "[CP] Embed Pods Frameworks";
			outputPaths = (
			);
			runOnlyForDeploymentPostprocessing = 0;
			shellPath = /bin/sh;
			shellScript = "\"${SRCROOT}/Pods/Target Support Files/Pods-RadioAparat/Pods-RadioAparat-frameworks.sh\"\n";
			showEnvVarsInLog = 0;
		};
		933416C685309A57D961FF29 /* [CP] Copy Pods Resources */ = {
			isa = PBXShellScriptBuildPhase;
			buildActionMask = 2147483647;
			files = (
			);
			inputPaths = (
				"${SRCROOT}/Pods/Target Support Files/Pods-RadioAparat/Pods-RadioAparat-resources.sh",
				$PODS_CONFIGURATION_BUILD_DIR/FirebaseUI/FirebaseAuthUI.bundle,
				$PODS_CONFIGURATION_BUILD_DIR/FirebaseUI/FirebaseGoogleAuthUI.bundle,
				$PODS_CONFIGURATION_BUILD_DIR/FirebaseUI/FirebasePhoneAuthUI.bundle,
				"${PODS_ROOT}/GTMOAuth2/Source/Touch/GTMOAuth2ViewTouch.xib",
				"${PODS_ROOT}/GoogleSignIn/Resources/GoogleSignIn.bundle",
			);
			name = "[CP] Copy Pods Resources";
			outputPaths = (
				"${TARGET_BUILD_DIR}/${UNLOCALIZED_RESOURCES_FOLDER_PATH}",
			);
			runOnlyForDeploymentPostprocessing = 0;
			shellPath = /bin/sh;
			shellScript = "\"${SRCROOT}/Pods/Target Support Files/Pods-RadioAparat/Pods-RadioAparat-resources.sh\"\n";
			showEnvVarsInLog = 0;
		};
		CCA83410C8A045BCD1CEBF80 /* [CP] Check Pods Manifest.lock */ = {
			isa = PBXShellScriptBuildPhase;
			buildActionMask = 2147483647;
			files = (
			);
			inputPaths = (
				"${PODS_PODFILE_DIR_PATH}/Podfile.lock",
				"${PODS_ROOT}/Manifest.lock",
			);
			name = "[CP] Check Pods Manifest.lock";
			outputPaths = (
				"$(DERIVED_FILE_DIR)/Pods-RadioAparat-checkManifestLockResult.txt",
			);
			runOnlyForDeploymentPostprocessing = 0;
			shellPath = /bin/sh;
			shellScript = "diff \"${PODS_PODFILE_DIR_PATH}/Podfile.lock\" \"${PODS_ROOT}/Manifest.lock\" > /dev/null\nif [ $? != 0 ] ; then\n    # print error to STDERR\n    echo \"error: The sandbox is not in sync with the Podfile.lock. Run 'pod install' or update your CocoaPods installation.\" >&2\n    exit 1\nfi\n# This output is used by Xcode 'outputs' to avoid re-running this script phase.\necho \"SUCCESS\" > \"${SCRIPT_OUTPUT_FILE_0}\"\n";
			showEnvVarsInLog = 0;
		};
/* End PBXShellScriptBuildPhase section */

/* Begin PBXSourcesBuildPhase section */
		D624BEFC1FB5A7880004C97E /* Sources */ = {
			isa = PBXSourcesBuildPhase;
			buildActionMask = 2147483647;
			files = (
				D6A2D4A21FB5B5DB0085802C /* ProgramViewController.m in Sources */,
				D624BF131FB5A7890004C97E /* main.m in Sources */,
				D6A2D4A51FB5B5F60085802C /* ChatViewController.m in Sources */,
				D6A2570F1FCB6DEB006F3205 /* UserDatabase.m in Sources */,
				D6A2D4AB1FB5B6150085802C /* SettingsViewController.m in Sources */,
				D68D31BF1FCDABF000542DFF /* Song.m in Sources */,
				D624BF051FB5A7880004C97E /* AppDelegate.m in Sources */,
				D6A118821FB8F377008F75F9 /* MainTabBarControllerViewController.m in Sources */,
				D6A2D4AF1FB5D1760085802C /* BaseViewController.m in Sources */,
				D6A2D4B61FB5F81B0085802C /* InfoPlayView.m in Sources */,
				D6A2D4A81FB5B6070085802C /* ProfileViewController.m in Sources */,
			);
			runOnlyForDeploymentPostprocessing = 0;
		};
/* End PBXSourcesBuildPhase section */

/* Begin PBXVariantGroup section */
		D624BF091FB5A7880004C97E /* Main.storyboard */ = {
			isa = PBXVariantGroup;
			children = (
				D624BF0A1FB5A7880004C97E /* Base */,
			);
			name = Main.storyboard;
			sourceTree = "<group>";
		};
		D624BF0E1FB5A7880004C97E /* LaunchScreen.storyboard */ = {
			isa = PBXVariantGroup;
			children = (
				D624BF0F1FB5A7880004C97E /* Base */,
			);
			name = LaunchScreen.storyboard;
			sourceTree = "<group>";
		};
/* End PBXVariantGroup section */

/* Begin XCBuildConfiguration section */
		D624BF141FB5A7890004C97E /* Debug */ = {
			isa = XCBuildConfiguration;
			buildSettings = {
				ALWAYS_SEARCH_USER_PATHS = NO;
				CLANG_ANALYZER_NONNULL = YES;
				CLANG_ANALYZER_NUMBER_OBJECT_CONVERSION = YES_AGGRESSIVE;
				CLANG_CXX_LANGUAGE_STANDARD = "gnu++14";
				CLANG_CXX_LIBRARY = "libc++";
				CLANG_ENABLE_MODULES = YES;
				CLANG_ENABLE_OBJC_ARC = YES;
				CLANG_WARN_BLOCK_CAPTURE_AUTORELEASING = YES;
				CLANG_WARN_BOOL_CONVERSION = YES;
				CLANG_WARN_COMMA = YES;
				CLANG_WARN_CONSTANT_CONVERSION = YES;
				CLANG_WARN_DIRECT_OBJC_ISA_USAGE = YES_ERROR;
				CLANG_WARN_DOCUMENTATION_COMMENTS = YES;
				CLANG_WARN_EMPTY_BODY = YES;
				CLANG_WARN_ENUM_CONVERSION = YES;
				CLANG_WARN_INFINITE_RECURSION = YES;
				CLANG_WARN_INT_CONVERSION = YES;
				CLANG_WARN_NON_LITERAL_NULL_CONVERSION = YES;
				CLANG_WARN_OBJC_LITERAL_CONVERSION = YES;
				CLANG_WARN_OBJC_ROOT_CLASS = YES_ERROR;
				CLANG_WARN_RANGE_LOOP_ANALYSIS = YES;
				CLANG_WARN_STRICT_PROTOTYPES = YES;
				CLANG_WARN_SUSPICIOUS_MOVE = YES;
				CLANG_WARN_UNGUARDED_AVAILABILITY = YES_AGGRESSIVE;
				CLANG_WARN_UNREACHABLE_CODE = YES;
				CLANG_WARN__DUPLICATE_METHOD_MATCH = YES;
				CODE_SIGN_IDENTITY = "iPhone Developer";
				COPY_PHASE_STRIP = NO;
				DEBUG_INFORMATION_FORMAT = dwarf;
				ENABLE_STRICT_OBJC_MSGSEND = YES;
				ENABLE_TESTABILITY = YES;
				GCC_C_LANGUAGE_STANDARD = gnu11;
				GCC_DYNAMIC_NO_PIC = NO;
				GCC_NO_COMMON_BLOCKS = YES;
				GCC_OPTIMIZATION_LEVEL = 0;
				GCC_PREPROCESSOR_DEFINITIONS = (
					"DEBUG=1",
					"$(inherited)",
				);
				GCC_WARN_64_TO_32_BIT_CONVERSION = YES;
				GCC_WARN_ABOUT_RETURN_TYPE = YES_ERROR;
				GCC_WARN_UNDECLARED_SELECTOR = YES;
				GCC_WARN_UNINITIALIZED_AUTOS = YES_AGGRESSIVE;
				GCC_WARN_UNUSED_FUNCTION = YES;
				GCC_WARN_UNUSED_VARIABLE = YES;
				IPHONEOS_DEPLOYMENT_TARGET = 11.1;
				MTL_ENABLE_DEBUG_INFO = YES;
				ONLY_ACTIVE_ARCH = YES;
				SDKROOT = iphoneos;
			};
			name = Debug;
		};
		D624BF151FB5A7890004C97E /* Release */ = {
			isa = XCBuildConfiguration;
			buildSettings = {
				ALWAYS_SEARCH_USER_PATHS = NO;
				CLANG_ANALYZER_NONNULL = YES;
				CLANG_ANALYZER_NUMBER_OBJECT_CONVERSION = YES_AGGRESSIVE;
				CLANG_CXX_LANGUAGE_STANDARD = "gnu++14";
				CLANG_CXX_LIBRARY = "libc++";
				CLANG_ENABLE_MODULES = YES;
				CLANG_ENABLE_OBJC_ARC = YES;
				CLANG_WARN_BLOCK_CAPTURE_AUTORELEASING = YES;
				CLANG_WARN_BOOL_CONVERSION = YES;
				CLANG_WARN_COMMA = YES;
				CLANG_WARN_CONSTANT_CONVERSION = YES;
				CLANG_WARN_DIRECT_OBJC_ISA_USAGE = YES_ERROR;
				CLANG_WARN_DOCUMENTATION_COMMENTS = YES;
				CLANG_WARN_EMPTY_BODY = YES;
				CLANG_WARN_ENUM_CONVERSION = YES;
				CLANG_WARN_INFINITE_RECURSION = YES;
				CLANG_WARN_INT_CONVERSION = YES;
				CLANG_WARN_NON_LITERAL_NULL_CONVERSION = YES;
				CLANG_WARN_OBJC_LITERAL_CONVERSION = YES;
				CLANG_WARN_OBJC_ROOT_CLASS = YES_ERROR;
				CLANG_WARN_RANGE_LOOP_ANALYSIS = YES;
				CLANG_WARN_STRICT_PROTOTYPES = YES;
				CLANG_WARN_SUSPICIOUS_MOVE = YES;
				CLANG_WARN_UNGUARDED_AVAILABILITY = YES_AGGRESSIVE;
				CLANG_WARN_UNREACHABLE_CODE = YES;
				CLANG_WARN__DUPLICATE_METHOD_MATCH = YES;
				CODE_SIGN_IDENTITY = "iPhone Developer";
				COPY_PHASE_STRIP = NO;
				DEBUG_INFORMATION_FORMAT = "dwarf-with-dsym";
				ENABLE_NS_ASSERTIONS = NO;
				ENABLE_STRICT_OBJC_MSGSEND = YES;
				GCC_C_LANGUAGE_STANDARD = gnu11;
				GCC_NO_COMMON_BLOCKS = YES;
				GCC_WARN_64_TO_32_BIT_CONVERSION = YES;
				GCC_WARN_ABOUT_RETURN_TYPE = YES_ERROR;
				GCC_WARN_UNDECLARED_SELECTOR = YES;
				GCC_WARN_UNINITIALIZED_AUTOS = YES_AGGRESSIVE;
				GCC_WARN_UNUSED_FUNCTION = YES;
				GCC_WARN_UNUSED_VARIABLE = YES;
				IPHONEOS_DEPLOYMENT_TARGET = 11.1;
				MTL_ENABLE_DEBUG_INFO = NO;
				SDKROOT = iphoneos;
				VALIDATE_PRODUCT = YES;
			};
			name = Release;
		};
		D624BF171FB5A7890004C97E /* Debug */ = {
			isa = XCBuildConfiguration;
			baseConfigurationReference = 74B5C052705F30BC04380824 /* Pods-RadioAparat.debug.xcconfig */;
			buildSettings = {
				ASSETCATALOG_COMPILER_APPICON_NAME = AppIcon;
				CLANG_ENABLE_MODULES = YES;
				CODE_SIGN_STYLE = Automatic;
				DEVELOPMENT_TEAM = YAMR65W456;
				INFOPLIST_FILE = RadioAparat/Info.plist;
				LD_RUNPATH_SEARCH_PATHS = "$(inherited) @executable_path/Frameworks";
				PRODUCT_BUNDLE_IDENTIFIER = com.radioaparat.RadioAparat;
				PRODUCT_NAME = "$(TARGET_NAME)";
				SWIFT_OPTIMIZATION_LEVEL = "-Onone";
				SWIFT_VERSION = 3.0;
				TARGETED_DEVICE_FAMILY = "1,2";
			};
			name = Debug;
		};
		D624BF181FB5A7890004C97E /* Release */ = {
			isa = XCBuildConfiguration;
			baseConfigurationReference = A1253FAD58DCE07D34C112C6 /* Pods-RadioAparat.release.xcconfig */;
			buildSettings = {
				ASSETCATALOG_COMPILER_APPICON_NAME = AppIcon;
				CLANG_ENABLE_MODULES = YES;
				CODE_SIGN_STYLE = Automatic;
				DEVELOPMENT_TEAM = YAMR65W456;
				INFOPLIST_FILE = RadioAparat/Info.plist;
				LD_RUNPATH_SEARCH_PATHS = "$(inherited) @executable_path/Frameworks";
				PRODUCT_BUNDLE_IDENTIFIER = com.radioaparat.RadioAparat;
				PRODUCT_NAME = "$(TARGET_NAME)";
				SWIFT_VERSION = 3.0;
				TARGETED_DEVICE_FAMILY = "1,2";
			};
			name = Release;
		};
/* End XCBuildConfiguration section */

/* Begin XCConfigurationList section */
		D624BEFB1FB5A7880004C97E /* Build configuration list for PBXProject "RadioAparat" */ = {
			isa = XCConfigurationList;
			buildConfigurations = (
				D624BF141FB5A7890004C97E /* Debug */,
				D624BF151FB5A7890004C97E /* Release */,
			);
			defaultConfigurationIsVisible = 0;
			defaultConfigurationName = Release;
		};
		D624BF161FB5A7890004C97E /* Build configuration list for PBXNativeTarget "RadioAparat" */ = {
			isa = XCConfigurationList;
			buildConfigurations = (
				D624BF171FB5A7890004C97E /* Debug */,
				D624BF181FB5A7890004C97E /* Release */,
			);
			defaultConfigurationIsVisible = 0;
			defaultConfigurationName = Release;
		};
/* End XCConfigurationList section */
	};
	rootObject = D624BEF81FB5A7880004C97E /* Project object */;
}
